
Microsoft Visual Studio Solution File, Format Version 12.00
# Visual Studio Version 16
VisualStudioVersion = 16.0.28922.388
MinimumVisualStudioVersion = 10.0.40219.1
Project("{2150E333-8FDC-42A3-9474-1A3956D46DE8}") = "section 1", "section 1", "{A2D89A53-D882-4715-8BA4-CCB4970DDD4A}"
EndProject
Project("{9A19103F-16F7-4668-BE54-9A1E7A4F7556}") = "HelloWorld", "HelloWorld\HelloWorld.csproj", "{568A4707-624A-482A-AA42-B49F3A03F531}"
EndProject
Project("{2150E333-8FDC-42A3-9474-1A3956D46DE8}") = "section 2", "section 2", "{7EC47EAA-A794-4387-A416-91B1D4E861AE}"
	ProjectSection(SolutionItems) = preProject
		MyNginx\Dockerfile = MyNginx\Dockerfile
		MyNginx\helloworld.conf = MyNginx\helloworld.conf
	EndProjectSection
EndProject
Project("{2150E333-8FDC-42A3-9474-1A3956D46DE8}") = "section 3", "section 3", "{611FA863-875E-4908-B4E0-323CDB188016}"
	ProjectSection(SolutionItems) = preProject
		docker-compose.yml = docker-compose.yml
	EndProjectSection
EndProject
Project("{2150E333-8FDC-42A3-9474-1A3956D46DE8}") = "section4", "section4", "{C37AD68F-BBA9-4A48-B72D-ADB46F700A65}"
	ProjectSection(SolutionItems) = preProject
		docker-compose.staging.yml = docker-compose.staging.yml
	EndProjectSection
EndProject
Global
	GlobalSection(SolutionConfigurationPlatforms) = preSolution
		Debug|Any CPU = Debug|Any CPU
		Release|Any CPU = Release|Any CPU
	EndGlobalSection
	GlobalSection(ProjectConfigurationPlatforms) = postSolution
		{568A4707-624A-482A-AA42-B49F3A03F531}.Debug|Any CPU.ActiveCfg = Debug|Any CPU
		{568A4707-624A-482A-AA42-B49F3A03F531}.Debug|Any CPU.Build.0 = Debug|Any CPU
		{568A4707-624A-482A-AA42-B49F3A03F531}.Release|Any CPU.ActiveCfg = Release|Any CPU
		{568A4707-624A-482A-AA42-B49F3A03F531}.Release|Any CPU.Build.0 = Release|Any CPU
	EndGlobalSection
	GlobalSection(SolutionProperties) = preSolution
		HideSolutionNode = FALSE
	EndGlobalSection
	GlobalSection(NestedProjects) = preSolution
		{568A4707-624A-482A-AA42-B49F3A03F531} = {A2D89A53-D882-4715-8BA4-CCB4970DDD4A}
	EndGlobalSection
	GlobalSection(ExtensibilityGlobals) = postSolution
		SolutionGuid = {284913C5-37AD-41DB-B248-977FC54C71B5}
	EndGlobalSection
EndGlobal
